
Microsoft Visual Studio Solution File, Format Version 12.00
# Visual Studio Version 16
VisualStudioVersion = 16.0.31205.134
MinimumVisualStudioVersion = 10.0.40219.1
Project("{FAE04EC0-301F-11D3-BF4B-00C04F79EFBC}") = "MnbCurrencyReader", "MnbCurrencyReader\MnbCurrencyReader.csproj", "{6A7CBBDD-B712-4A72-9C47-C4AAC9DD5FB2}"
EndProject
Global
	GlobalSection(SolutionConfigurationPlatforms) = preSolution
		Debug|Any CPU = Debug|Any CPU
		Release|Any CPU = Release|Any CPU
	EndGlobalSection
	GlobalSection(ProjectConfigurationPlatforms) = postSolution
		{6A7CBBDD-B712-4A72-9C47-C4AAC9DD5FB2}.Debug|Any CPU.ActiveCfg = Debug|Any CPU
		{6A7CBBDD-B712-4A72-9C47-C4AAC9DD5FB2}.Debug|Any CPU.Build.0 = Debug|Any CPU
		{6A7CBBDD-B712-4A72-9C47-C4AAC9DD5FB2}.Release|Any CPU.ActiveCfg = Release|Any CPU
		{6A7CBBDD-B712-4A72-9C47-C4AAC9DD5FB2}.Release|Any CPU.Build.0 = Release|Any CPU
	EndGlobalSection
	GlobalSection(SolutionProperties) = preSolution
		HideSolutionNode = FALSE
	EndGlobalSection
	GlobalSection(ExtensibilityGlobals) = postSolution
		SolutionGuid = {55D018A5-2129-4B39-8981-F32CE158EB20}
	EndGlobalSection
EndGlobal
