
Microsoft Visual Studio Solution File, Format Version 12.00
# Visual Studio Version 16
VisualStudioVersion = 16.0.31205.134
MinimumVisualStudioVersion = 10.0.40219.1
Project("{FAE04EC0-301F-11D3-BF4B-00C04F79EFBC}") = "TizenkettedikHet_R3VQAV", "TizenkettedikHet_R3VQAV\TizenkettedikHet_R3VQAV.csproj", "{F073FED8-B245-45CD-B590-ACD86E71F017}"
EndProject
Global
	GlobalSection(SolutionConfigurationPlatforms) = preSolution
		Debug|Any CPU = Debug|Any CPU
		Release|Any CPU = Release|Any CPU
	EndGlobalSection
	GlobalSection(ProjectConfigurationPlatforms) = postSolution
		{F073FED8-B245-45CD-B590-ACD86E71F017}.Debug|Any CPU.ActiveCfg = Debug|Any CPU
		{F073FED8-B245-45CD-B590-ACD86E71F017}.Debug|Any CPU.Build.0 = Debug|Any CPU
		{F073FED8-B245-45CD-B590-ACD86E71F017}.Release|Any CPU.ActiveCfg = Release|Any CPU
		{F073FED8-B245-45CD-B590-ACD86E71F017}.Release|Any CPU.Build.0 = Release|Any CPU
	EndGlobalSection
	GlobalSection(SolutionProperties) = preSolution
		HideSolutionNode = FALSE
	EndGlobalSection
	GlobalSection(ExtensibilityGlobals) = postSolution
		SolutionGuid = {80478DF4-9ECE-4291-99D0-86CB3F6713BF}
	EndGlobalSection
EndGlobal
